// !$*UTF8*$!
{
	archiveVersion = 1;
	classes = {
	};
	objectVersion = 46;
	objects = {

/* Begin PBXBuildFile section */
		59F662D11679386900451DF8 /* Cocoa.framework in Frameworks */ = {isa = PBXBuildFile; fileRef = 59F662D01679386900451DF8 /* Cocoa.framework */; };
		59F662E41679386900451DF8 /* Cocoa.framework in Frameworks */ = {isa = PBXBuildFile; fileRef = 59F662D01679386900451DF8 /* Cocoa.framework */; };
		59F662E71679386900451DF8 /* NSHash.dylib in Frameworks */ = {isa = PBXBuildFile; fileRef = 59F662CD1679386900451DF8 /* NSHash.dylib */; };
		59F662FF16793AD400451DF8 /* NSString+NSHash.h in Headers */ = {isa = PBXBuildFile; fileRef = 59F662FD16793AD400451DF8 /* NSString+NSHash.h */; };
		59F6630016793AD400451DF8 /* NSString+NSHash.m in Sources */ = {isa = PBXBuildFile; fileRef = 59F662FE16793AD400451DF8 /* NSString+NSHash.m */; };
		59F6630316793AF700451DF8 /* NSData+NSHash.h in Headers */ = {isa = PBXBuildFile; fileRef = 59F6630116793AF700451DF8 /* NSData+NSHash.h */; };
		59F6630416793AF700451DF8 /* NSData+NSHash.m in Sources */ = {isa = PBXBuildFile; fileRef = 59F6630216793AF700451DF8 /* NSData+NSHash.m */; };
		59F6630716793B1A00451DF8 /* NSString+NSHashTests.m in Sources */ = {isa = PBXBuildFile; fileRef = 59F6630616793B1A00451DF8 /* NSString+NSHashTests.m */; };
		59F6630A16793B4B00451DF8 /* NSData+NSHashTests.m in Sources */ = {isa = PBXBuildFile; fileRef = 59F6630916793B4B00451DF8 /* NSData+NSHashTests.m */; };
/* End PBXBuildFile section */

/* Begin PBXContainerItemProxy section */
		59F662E51679386900451DF8 /* PBXContainerItemProxy */ = {
			isa = PBXContainerItemProxy;
			containerPortal = 59F662C41679386900451DF8 /* Project object */;
			proxyType = 1;
			remoteGlobalIDString = 59F662CC1679386900451DF8;
			remoteInfo = NSHash;
		};
/* End PBXContainerItemProxy section */

/* Begin PBXFileReference section */
		5974D4E71C33491800EC9555 /* NSHash.podspec */ = {isa = PBXFileReference; lastKnownFileType = text; path = NSHash.podspec; sourceTree = "<group>"; };
		59F662CD1679386900451DF8 /* NSHash.dylib */ = {isa = PBXFileReference; explicitFileType = "compiled.mach-o.dylib"; includeInIndex = 0; path = NSHash.dylib; sourceTree = BUILT_PRODUCTS_DIR; };
		59F662D01679386900451DF8 /* Cocoa.framework */ = {isa = PBXFileReference; lastKnownFileType = wrapper.framework; name = Cocoa.framework; path = System/Library/Frameworks/Cocoa.framework; sourceTree = SDKROOT; };
		59F662D31679386900451DF8 /* AppKit.framework */ = {isa = PBXFileReference; lastKnownFileType = wrapper.framework; name = AppKit.framework; path = System/Library/Frameworks/AppKit.framework; sourceTree = SDKROOT; };
		59F662D41679386900451DF8 /* CoreData.framework */ = {isa = PBXFileReference; lastKnownFileType = wrapper.framework; name = CoreData.framework; path = System/Library/Frameworks/CoreData.framework; sourceTree = SDKROOT; };
		59F662D51679386900451DF8 /* Foundation.framework */ = {isa = PBXFileReference; lastKnownFileType = wrapper.framework; name = Foundation.framework; path = System/Library/Frameworks/Foundation.framework; sourceTree = SDKROOT; };
		59F662E11679386900451DF8 /* NSHashTests.xctest */ = {isa = PBXFileReference; explicitFileType = wrapper.cfbundle; includeInIndex = 0; path = NSHashTests.xctest; sourceTree = BUILT_PRODUCTS_DIR; };
		59F662F91679392500451DF8 /* LICENSE.txt */ = {isa = PBXFileReference; lastKnownFileType = text; path = LICENSE.txt; sourceTree = "<group>"; };
		59F662FA1679392F00451DF8 /* README.md */ = {isa = PBXFileReference; lastKnownFileType = text; path = README.md; sourceTree = "<group>"; };
		59F662FD16793AD400451DF8 /* NSString+NSHash.h */ = {isa = PBXFileReference; fileEncoding = 4; lastKnownFileType = sourcecode.c.h; path = "NSString+NSHash.h"; sourceTree = "<group>"; };
		59F662FE16793AD400451DF8 /* NSString+NSHash.m */ = {isa = PBXFileReference; fileEncoding = 4; lastKnownFileType = sourcecode.c.objc; path = "NSString+NSHash.m"; sourceTree = "<group>"; };
		59F6630116793AF700451DF8 /* NSData+NSHash.h */ = {isa = PBXFileReference; fileEncoding = 4; lastKnownFileType = sourcecode.c.h; path = "NSData+NSHash.h"; sourceTree = "<group>"; };
		59F6630216793AF700451DF8 /* NSData+NSHash.m */ = {isa = PBXFileReference; fileEncoding = 4; lastKnownFileType = sourcecode.c.objc; path = "NSData+NSHash.m"; sourceTree = "<group>"; };
		59F6630516793B1A00451DF8 /* NSString+NSHashTests.h */ = {isa = PBXFileReference; fileEncoding = 4; lastKnownFileType = sourcecode.c.h; path = "NSString+NSHashTests.h"; sourceTree = "<group>"; };
		59F6630616793B1A00451DF8 /* NSString+NSHashTests.m */ = {isa = PBXFileReference; fileEncoding = 4; lastKnownFileType = sourcecode.c.objc; path = "NSString+NSHashTests.m"; sourceTree = "<group>"; };
		59F6630816793B4B00451DF8 /* NSData+NSHashTests.h */ = {isa = PBXFileReference; fileEncoding = 4; lastKnownFileType = sourcecode.c.h; path = "NSData+NSHashTests.h"; sourceTree = "<group>"; };
		59F6630916793B4B00451DF8 /* NSData+NSHashTests.m */ = {isa = PBXFileReference; fileEncoding = 4; lastKnownFileType = sourcecode.c.objc; path = "NSData+NSHashTests.m"; sourceTree = "<group>"; };
/* End PBXFileReference section */

/* Begin PBXFrameworksBuildPhase section */
		59F662CA1679386900451DF8 /* Frameworks */ = {
			isa = PBXFrameworksBuildPhase;
			buildActionMask = 2147483647;
			files = (
				59F662D11679386900451DF8 /* Cocoa.framework in Frameworks */,
			);
			runOnlyForDeploymentPostprocessing = 0;
		};
		59F662DD1679386900451DF8 /* Frameworks */ = {
			isa = PBXFrameworksBuildPhase;
			buildActionMask = 2147483647;
			files = (
				59F662E41679386900451DF8 /* Cocoa.framework in Frameworks */,
				59F662E71679386900451DF8 /* NSHash.dylib in Frameworks */,
			);
			runOnlyForDeploymentPostprocessing = 0;
		};
/* End PBXFrameworksBuildPhase section */

/* Begin PBXGroup section */
		59F662C21679386900451DF8 = {
			isa = PBXGroup;
			children = (
				5974D4E71C33491800EC9555 /* NSHash.podspec */,
				59F662FA1679392F00451DF8 /* README.md */,
				59F662F91679392500451DF8 /* LICENSE.txt */,
				59F662D61679386900451DF8 /* NSHash */,
				59F662E81679386900451DF8 /* NSHashTests */,
				59F662CF1679386900451DF8 /* Frameworks */,
				59F662CE1679386900451DF8 /* Products */,
			);
			sourceTree = "<group>";
		};
		59F662CE1679386900451DF8 /* Products */ = {
			isa = PBXGroup;
			children = (
				59F662CD1679386900451DF8 /* NSHash.dylib */,
				59F662E11679386900451DF8 /* NSHashTests.xctest */,
			);
			name = Products;
			sourceTree = "<group>";
		};
		59F662CF1679386900451DF8 /* Frameworks */ = {
			isa = PBXGroup;
			children = (
				59F662D01679386900451DF8 /* Cocoa.framework */,
				59F662D21679386900451DF8 /* Other Frameworks */,
			);
			name = Frameworks;
			sourceTree = "<group>";
		};
		59F662D21679386900451DF8 /* Other Frameworks */ = {
			isa = PBXGroup;
			children = (
				59F662D31679386900451DF8 /* AppKit.framework */,
				59F662D41679386900451DF8 /* CoreData.framework */,
				59F662D51679386900451DF8 /* Foundation.framework */,
			);
			name = "Other Frameworks";
			sourceTree = "<group>";
		};
		59F662D61679386900451DF8 /* NSHash */ = {
			isa = PBXGroup;
			children = (
				59F662FD16793AD400451DF8 /* NSString+NSHash.h */,
				59F662FE16793AD400451DF8 /* NSString+NSHash.m */,
				59F6630116793AF700451DF8 /* NSData+NSHash.h */,
				59F6630216793AF700451DF8 /* NSData+NSHash.m */,
			);
			path = NSHash;
			sourceTree = "<group>";
		};
		59F662E81679386900451DF8 /* NSHashTests */ = {
			isa = PBXGroup;
			children = (
				59F6630516793B1A00451DF8 /* NSString+NSHashTests.h */,
				59F6630616793B1A00451DF8 /* NSString+NSHashTests.m */,
				59F6630816793B4B00451DF8 /* NSData+NSHashTests.h */,
				59F6630916793B4B00451DF8 /* NSData+NSHashTests.m */,
			);
			path = NSHashTests;
			sourceTree = "<group>";
		};
/* End PBXGroup section */

/* Begin PBXHeadersBuildPhase section */
		59F662CB1679386900451DF8 /* Headers */ = {
			isa = PBXHeadersBuildPhase;
			buildActionMask = 2147483647;
			files = (
				59F662FF16793AD400451DF8 /* NSString+NSHash.h in Headers */,
				59F6630316793AF700451DF8 /* NSData+NSHash.h in Headers */,
			);
			runOnlyForDeploymentPostprocessing = 0;
		};
/* End PBXHeadersBuildPhase section */

/* Begin PBXNativeTarget section */
		59F662CC1679386900451DF8 /* NSHash */ = {
			isa = PBXNativeTarget;
			buildConfigurationList = 59F662F31679386900451DF8 /* Build configuration list for PBXNativeTarget "NSHash" */;
			buildPhases = (
				59F662C91679386900451DF8 /* Sources */,
				59F662CA1679386900451DF8 /* Frameworks */,
				59F662CB1679386900451DF8 /* Headers */,
			);
			buildRules = (
			);
			dependencies = (
			);
			name = NSHash;
			productName = NSHash;
			productReference = 59F662CD1679386900451DF8 /* NSHash.dylib */;
			productType = "com.apple.product-type.library.dynamic";
		};
		59F662E01679386900451DF8 /* NSHashTests */ = {
			isa = PBXNativeTarget;
			buildConfigurationList = 59F662F61679386900451DF8 /* Build configuration list for PBXNativeTarget "NSHashTests" */;
			buildPhases = (
				59F662DC1679386900451DF8 /* Sources */,
				59F662DD1679386900451DF8 /* Frameworks */,
				59F662DE1679386900451DF8 /* Resources */,
				59F662DF1679386900451DF8 /* ShellScript */,
			);
			buildRules = (
			);
			dependencies = (
				59F662E61679386900451DF8 /* PBXTargetDependency */,
			);
			name = NSHashTests;
			productName = NSHashTests;
			productReference = 59F662E11679386900451DF8 /* NSHashTests.xctest */;
			productType = "com.apple.product-type.bundle.unit-test";
		};
/* End PBXNativeTarget section */

/* Begin PBXProject section */
		59F662C41679386900451DF8 /* Project object */ = {
			isa = PBXProject;
			attributes = {
				LastTestingUpgradeCheck = 0710;
				LastUpgradeCheck = 0710;
				ORGANIZATIONNAME = buenocode;
			};
			buildConfigurationList = 59F662C71679386900451DF8 /* Build configuration list for PBXProject "NSHash" */;
			compatibilityVersion = "Xcode 3.2";
			developmentRegion = English;
			hasScannedForEncodings = 0;
			knownRegions = (
				en,
			);
			mainGroup = 59F662C21679386900451DF8;
			productRefGroup = 59F662CE1679386900451DF8 /* Products */;
			projectDirPath = "";
			projectRoot = "";
			targets = (
				59F662CC1679386900451DF8 /* NSHash */,
				59F662E01679386900451DF8 /* NSHashTests */,
			);
		};
/* End PBXProject section */

/* Begin PBXResourcesBuildPhase section */
		59F662DE1679386900451DF8 /* Resources */ = {
			isa = PBXResourcesBuildPhase;
			buildActionMask = 2147483647;
			files = (
			);
			runOnlyForDeploymentPostprocessing = 0;
		};
/* End PBXResourcesBuildPhase section */

/* Begin PBXShellScriptBuildPhase section */
		59F662DF1679386900451DF8 /* ShellScript */ = {
			isa = PBXShellScriptBuildPhase;
			buildActionMask = 2147483647;
			files = (
			);
			inputPaths = (
			);
			outputPaths = (
			);
			runOnlyForDeploymentPostprocessing = 0;
			shellPath = /bin/sh;
			shellScript = "# Run the unit tests in this test bundle.\n\"${SYSTEM_DEVELOPER_DIR}/Tools/RunUnitTests\"\n";
		};
/* End PBXShellScriptBuildPhase section */

/* Begin PBXSourcesBuildPhase section */
		59F662C91679386900451DF8 /* Sources */ = {
			isa = PBXSourcesBuildPhase;
			buildActionMask = 2147483647;
			files = (
				59F6630016793AD400451DF8 /* NSString+NSHash.m in Sources */,
				59F6630416793AF700451DF8 /* NSData+NSHash.m in Sources */,
			);
			runOnlyForDeploymentPostprocessing = 0;
		};
		59F662DC1679386900451DF8 /* Sources */ = {
			isa = PBXSourcesBuildPhase;
			buildActionMask = 2147483647;
			files = (
				59F6630716793B1A00451DF8 /* NSString+NSHashTests.m in Sources */,
				59F6630A16793B4B00451DF8 /* NSData+NSHashTests.m in Sources */,
			);
			runOnlyForDeploymentPostprocessing = 0;
		};
/* End PBXSourcesBuildPhase section */

/* Begin PBXTargetDependency section */
		59F662E61679386900451DF8 /* PBXTargetDependency */ = {
			isa = PBXTargetDependency;
			target = 59F662CC1679386900451DF8 /* NSHash */;
			targetProxy = 59F662E51679386900451DF8 /* PBXContainerItemProxy */;
		};
/* End PBXTargetDependency section */

/* Begin XCBuildConfiguration section */
		59F662F11679386900451DF8 /* Debug */ = {
			isa = XCBuildConfiguration;
			buildSettings = {
				ALWAYS_SEARCH_USER_PATHS = NO;
				CLANG_CXX_LANGUAGE_STANDARD = "gnu++0x";
				CLANG_CXX_LIBRARY = "libc++";
				CLANG_ENABLE_OBJC_ARC = YES;
				CLANG_WARN_EMPTY_BODY = YES;
				CLANG_WARN__DUPLICATE_METHOD_MATCH = YES;
				COPY_PHASE_STRIP = NO;
				ENABLE_TESTABILITY = YES;
				GCC_C_LANGUAGE_STANDARD = gnu99;
				GCC_DYNAMIC_NO_PIC = NO;
				GCC_ENABLE_OBJC_EXCEPTIONS = YES;
				GCC_OPTIMIZATION_LEVEL = 0;
				GCC_PREPROCESSOR_DEFINITIONS = (
					"DEBUG=1",
					"$(inherited)",
				);
				GCC_SYMBOLS_PRIVATE_EXTERN = NO;
				GCC_WARN_64_TO_32_BIT_CONVERSION = YES;
				GCC_WARN_ABOUT_RETURN_TYPE = YES;
				GCC_WARN_UNINITIALIZED_AUTOS = YES;
				GCC_WARN_UNUSED_VARIABLE = YES;
				MACOSX_DEPLOYMENT_TARGET = 10.8;
				ONLY_ACTIVE_ARCH = YES;
				SDKROOT = macosx;
			};
			name = Debug;
		};
		59F662F21679386900451DF8 /* Release */ = {
			isa = XCBuildConfiguration;
			buildSettings = {
				ALWAYS_SEARCH_USER_PATHS = NO;
				CLANG_CXX_LANGUAGE_STANDARD = "gnu++0x";
				CLANG_CXX_LIBRARY = "libc++";
				CLANG_ENABLE_OBJC_ARC = YES;
				CLANG_WARN_EMPTY_BODY = YES;
				CLANG_WARN__DUPLICATE_METHOD_MATCH = YES;
				COPY_PHASE_STRIP = YES;
				DEBUG_INFORMATION_FORMAT = "dwarf-with-dsym";
				GCC_C_LANGUAGE_STANDARD = gnu99;
				GCC_ENABLE_OBJC_EXCEPTIONS = YES;
				GCC_WARN_64_TO_32_BIT_CONVERSION = YES;
				GCC_WARN_ABOUT_RETURN_TYPE = YES;
				GCC_WARN_UNINITIALIZED_AUTOS = YES;
				GCC_WARN_UNUSED_VARIABLE = YES;
				MACOSX_DEPLOYMENT_TARGET = 10.8;
				SDKROOT = macosx;
			};
			name = Release;
		};
		59F662F41679386900451DF8 /* Debug */ = {
			isa = XCBuildConfiguration;
			buildSettings = {
				COMBINE_HIDPI_IMAGES = YES;
				DYLIB_COMPATIBILITY_VERSION = 1;
				DYLIB_CURRENT_VERSION = 1;
				PRODUCT_NAME = "$(TARGET_NAME)";
			};
			name = Debug;
		};
		59F662F51679386900451DF8 /* Release */ = {
			isa = XCBuildConfiguration;
			buildSettings = {
				COMBINE_HIDPI_IMAGES = YES;
				DYLIB_COMPATIBILITY_VERSION = 1;
				DYLIB_CURRENT_VERSION = 1;
				PRODUCT_NAME = "$(TARGET_NAME)";
			};
			name = Release;
		};
		59F662F71679386900451DF8 /* Debug */ = {
			isa = XCBuildConfiguration;
			buildSettings = {
				COMBINE_HIDPI_IMAGES = YES;
				FRAMEWORK_SEARCH_PATHS = (
					"\"$(DEVELOPER_LIBRARY_DIR)/Frameworks\"",
					"$(inherited)",
				);
				PRODUCT_NAME = "$(TARGET_NAME)";
			};
			name = Debug;
		};
		59F662F81679386900451DF8 /* Release */ = {
			isa = XCBuildConfiguration;
			buildSettings = {
				COMBINE_HIDPI_IMAGES = YES;
				FRAMEWORK_SEARCH_PATHS = (
					"\"$(DEVELOPER_LIBRARY_DIR)/Frameworks\"",
					"$(inherited)",
				);
				PRODUCT_NAME = "$(TARGET_NAME)";
			};
			name = Release;
		};
/* End XCBuildConfiguration section */

/* Begin XCConfigurationList section */
		59F662C71679386900451DF8 /* Build configuration list for PBXProject "NSHash" */ = {
			isa = XCConfigurationList;
			buildConfigurations = (
				59F662F11679386900451DF8 /* Debug */,
				59F662F21679386900451DF8 /* Release */,
			);
			defaultConfigurationIsVisible = 0;
			defaultConfigurationName = Release;
		};
		59F662F31679386900451DF8 /* Build configuration list for PBXNativeTarget "NSHash" */ = {
			isa = XCConfigurationList;
			buildConfigurations = (
				59F662F41679386900451DF8 /* Debug */,
				59F662F51679386900451DF8 /* Release */,
			);
			defaultConfigurationIsVisible = 0;
			defaultConfigurationName = Release;
		};
		59F662F61679386900451DF8 /* Build configuration list for PBXNativeTarget "NSHashTests" */ = {
			isa = XCConfigurationList;
			buildConfigurations = (
				59F662F71679386900451DF8 /* Debug */,
				59F662F81679386900451DF8 /* Release */,
			);
			defaultConfigurationIsVisible = 0;
			defaultConfigurationName = Release;
		};
/* End XCConfigurationList section */
	};
	rootObject = 59F662C41679386900451DF8 /* Project object */;
}
